
Microsoft Visual Studio Solution File, Format Version 12.00
# Visual Studio 14
VisualStudioVersion = 14.0.25420.1
MinimumVisualStudioVersion = 10.0.40219.1
Project("{FAE04EC0-301F-11D3-BF4B-00C04F79EFBC}") = "Oef13_2_SorteerItems", "Oef13_2_SorteerItems.csproj", "{7860BE1D-C280-4BD5-A0BE-E8653CE2FCD2}"
EndProject
Project("{FAE04EC0-301F-11D3-BF4B-00C04F79EFBC}") = "Oef13_2_SorteerItems.Tests", "..\Oef13_2_SorteerItems.Tests\Oef13_2_SorteerItems.Tests.csproj", "{6B609F04-155E-4AB4-A18A-ECB783EC1E97}"
EndProject
Global
	GlobalSection(SolutionConfigurationPlatforms) = preSolution
		Debug|Any CPU = Debug|Any CPU
		Release|Any CPU = Release|Any CPU
	EndGlobalSection
	GlobalSection(ProjectConfigurationPlatforms) = postSolution
		{7860BE1D-C280-4BD5-A0BE-E8653CE2FCD2}.Debug|Any CPU.ActiveCfg = Debug|Any CPU
		{7860BE1D-C280-4BD5-A0BE-E8653CE2FCD2}.Debug|Any CPU.Build.0 = Debug|Any CPU
		{7860BE1D-C280-4BD5-A0BE-E8653CE2FCD2}.Release|Any CPU.ActiveCfg = Release|Any CPU
		{7860BE1D-C280-4BD5-A0BE-E8653CE2FCD2}.Release|Any CPU.Build.0 = Release|Any CPU
		{6B609F04-155E-4AB4-A18A-ECB783EC1E97}.Debug|Any CPU.ActiveCfg = Debug|Any CPU
		{6B609F04-155E-4AB4-A18A-ECB783EC1E97}.Debug|Any CPU.Build.0 = Debug|Any CPU
		{6B609F04-155E-4AB4-A18A-ECB783EC1E97}.Release|Any CPU.ActiveCfg = Release|Any CPU
		{6B609F04-155E-4AB4-A18A-ECB783EC1E97}.Release|Any CPU.Build.0 = Release|Any CPU
	EndGlobalSection
	GlobalSection(SolutionProperties) = preSolution
		HideSolutionNode = FALSE
	EndGlobalSection
EndGlobal
