
Microsoft Visual Studio Solution File, Format Version 12.00
# Visual Studio 14
VisualStudioVersion = 14.0.25420.1
MinimumVisualStudioVersion = 10.0.40219.1
Project("{FAE04EC0-301F-11D3-BF4B-00C04F79EFBC}") = "Oef13_5_ToevoegenVerwijderen", "Oef13_5_ToevoegenVerwijderen.csproj", "{1C856146-D5B2-4C32-AF12-85D98218F290}"
EndProject
Project("{FAE04EC0-301F-11D3-BF4B-00C04F79EFBC}") = "Oef13_5_ToevoegenVerwijderen.Tests", "..\Oef13_5_ToevoegenVerwijderen.Tests\Oef13_5_ToevoegenVerwijderen.Tests.csproj", "{27DF2EC0-B151-440A-930E-23C078B47F29}"
EndProject
Global
	GlobalSection(SolutionConfigurationPlatforms) = preSolution
		Debug|Any CPU = Debug|Any CPU
		Release|Any CPU = Release|Any CPU
	EndGlobalSection
	GlobalSection(ProjectConfigurationPlatforms) = postSolution
		{1C856146-D5B2-4C32-AF12-85D98218F290}.Debug|Any CPU.ActiveCfg = Debug|Any CPU
		{1C856146-D5B2-4C32-AF12-85D98218F290}.Debug|Any CPU.Build.0 = Debug|Any CPU
		{1C856146-D5B2-4C32-AF12-85D98218F290}.Release|Any CPU.ActiveCfg = Release|Any CPU
		{1C856146-D5B2-4C32-AF12-85D98218F290}.Release|Any CPU.Build.0 = Release|Any CPU
		{27DF2EC0-B151-440A-930E-23C078B47F29}.Debug|Any CPU.ActiveCfg = Debug|Any CPU
		{27DF2EC0-B151-440A-930E-23C078B47F29}.Debug|Any CPU.Build.0 = Debug|Any CPU
		{27DF2EC0-B151-440A-930E-23C078B47F29}.Release|Any CPU.ActiveCfg = Release|Any CPU
		{27DF2EC0-B151-440A-930E-23C078B47F29}.Release|Any CPU.Build.0 = Release|Any CPU
	EndGlobalSection
	GlobalSection(SolutionProperties) = preSolution
		HideSolutionNode = FALSE
	EndGlobalSection
EndGlobal
