
Microsoft Visual Studio Solution File, Format Version 12.00
# Visual Studio 14
VisualStudioVersion = 14.0.25420.1
MinimumVisualStudioVersion = 10.0.40219.1
Project("{FAE04EC0-301F-11D3-BF4B-00C04F79EFBC}") = "Oef13_8_Personen", "Oef13_8_Personen.csproj", "{A1D3B945-D3CC-42CE-9C3F-9F9CED63A0E3}"
EndProject
Project("{FAE04EC0-301F-11D3-BF4B-00C04F79EFBC}") = "Oef13_8_Personen.Tests", "..\Oef13_8_Personen.Tests\Oef13_8_Personen.Tests.csproj", "{D7734743-816B-4538-A807-7811ABC2B55E}"
EndProject
Global
	GlobalSection(SolutionConfigurationPlatforms) = preSolution
		Debug|Any CPU = Debug|Any CPU
		Release|Any CPU = Release|Any CPU
	EndGlobalSection
	GlobalSection(ProjectConfigurationPlatforms) = postSolution
		{A1D3B945-D3CC-42CE-9C3F-9F9CED63A0E3}.Debug|Any CPU.ActiveCfg = Debug|Any CPU
		{A1D3B945-D3CC-42CE-9C3F-9F9CED63A0E3}.Debug|Any CPU.Build.0 = Debug|Any CPU
		{A1D3B945-D3CC-42CE-9C3F-9F9CED63A0E3}.Release|Any CPU.ActiveCfg = Release|Any CPU
		{A1D3B945-D3CC-42CE-9C3F-9F9CED63A0E3}.Release|Any CPU.Build.0 = Release|Any CPU
		{D7734743-816B-4538-A807-7811ABC2B55E}.Debug|Any CPU.ActiveCfg = Debug|Any CPU
		{D7734743-816B-4538-A807-7811ABC2B55E}.Debug|Any CPU.Build.0 = Debug|Any CPU
		{D7734743-816B-4538-A807-7811ABC2B55E}.Release|Any CPU.ActiveCfg = Release|Any CPU
		{D7734743-816B-4538-A807-7811ABC2B55E}.Release|Any CPU.Build.0 = Release|Any CPU
	EndGlobalSection
	GlobalSection(SolutionProperties) = preSolution
		HideSolutionNode = FALSE
	EndGlobalSection
EndGlobal
