
Microsoft Visual Studio Solution File, Format Version 12.00
# Visual Studio 14
VisualStudioVersion = 14.0.25420.1
MinimumVisualStudioVersion = 10.0.40219.1
Project("{FAE04EC0-301F-11D3-BF4B-00C04F79EFBC}") = "Oef13_3_Clear", "Oef13_3_Clear.csproj", "{4B86C47F-9E53-499C-9FDD-D7448DDB8243}"
EndProject
Project("{FAE04EC0-301F-11D3-BF4B-00C04F79EFBC}") = "Oef13_3_Clear.Tests", "..\Oef13_3_Clear.Tests\Oef13_3_Clear.Tests.csproj", "{ECA33D4D-39C7-4CE5-AE2C-A1204F6B9089}"
EndProject
Global
	GlobalSection(SolutionConfigurationPlatforms) = preSolution
		Debug|Any CPU = Debug|Any CPU
		Release|Any CPU = Release|Any CPU
	EndGlobalSection
	GlobalSection(ProjectConfigurationPlatforms) = postSolution
		{4B86C47F-9E53-499C-9FDD-D7448DDB8243}.Debug|Any CPU.ActiveCfg = Debug|Any CPU
		{4B86C47F-9E53-499C-9FDD-D7448DDB8243}.Debug|Any CPU.Build.0 = Debug|Any CPU
		{4B86C47F-9E53-499C-9FDD-D7448DDB8243}.Release|Any CPU.ActiveCfg = Release|Any CPU
		{4B86C47F-9E53-499C-9FDD-D7448DDB8243}.Release|Any CPU.Build.0 = Release|Any CPU
		{ECA33D4D-39C7-4CE5-AE2C-A1204F6B9089}.Debug|Any CPU.ActiveCfg = Debug|Any CPU
		{ECA33D4D-39C7-4CE5-AE2C-A1204F6B9089}.Debug|Any CPU.Build.0 = Debug|Any CPU
		{ECA33D4D-39C7-4CE5-AE2C-A1204F6B9089}.Release|Any CPU.ActiveCfg = Release|Any CPU
		{ECA33D4D-39C7-4CE5-AE2C-A1204F6B9089}.Release|Any CPU.Build.0 = Release|Any CPU
	EndGlobalSection
	GlobalSection(SolutionProperties) = preSolution
		HideSolutionNode = FALSE
	EndGlobalSection
EndGlobal
